
Microsoft Visual Studio Solution File, Format Version 12.00
# Visual Studio 14
VisualStudioVersion = 14.0.25123.0
MinimumVisualStudioVersion = 10.0.40219.1
Project("{FAE04EC0-301F-11D3-BF4B-00C04F79EFBC}") = "XFFA", "XFFA\XFFA\XFFA.csproj", "{40B6B391-2DF1-4D8D-81E1-CB6C52B772D6}"
EndProject
Project("{FAE04EC0-301F-11D3-BF4B-00C04F79EFBC}") = "XFFA.Droid", "XFFA\XFFA.Droid\XFFA.Droid.csproj", "{E59CFDA8-F769-4826-8538-F8ABD29BEBC2}"
EndProject
Project("{FAE04EC0-301F-11D3-BF4B-00C04F79EFBC}") = "XFFA.iOS", "XFFA\XFFA.iOS\XFFA.iOS.csproj", "{8580CF2D-3C6A-4E13-B975-EBD4D08CA099}"
EndProject
Global
	GlobalSection(SolutionConfigurationPlatforms) = preSolution
		Ad-Hoc|Any CPU = Ad-Hoc|Any CPU
		Ad-Hoc|ARM = Ad-Hoc|ARM
		Ad-Hoc|iPhone = Ad-Hoc|iPhone
		Ad-Hoc|iPhoneSimulator = Ad-Hoc|iPhoneSimulator
		Ad-Hoc|x64 = Ad-Hoc|x64
		Ad-Hoc|x86 = Ad-Hoc|x86
		AppStore|Any CPU = AppStore|Any CPU
		AppStore|ARM = AppStore|ARM
		AppStore|iPhone = AppStore|iPhone
		AppStore|iPhoneSimulator = AppStore|iPhoneSimulator
		AppStore|x64 = AppStore|x64
		AppStore|x86 = AppStore|x86
		Debug|Any CPU = Debug|Any CPU
		Debug|ARM = Debug|ARM
		Debug|iPhone = Debug|iPhone
		Debug|iPhoneSimulator = Debug|iPhoneSimulator
		Debug|x64 = Debug|x64
		Debug|x86 = Debug|x86
		Release|Any CPU = Release|Any CPU
		Release|ARM = Release|ARM
		Release|iPhone = Release|iPhone
		Release|iPhoneSimulator = Release|iPhoneSimulator
		Release|x64 = Release|x64
		Release|x86 = Release|x86
	EndGlobalSection
	GlobalSection(ProjectConfigurationPlatforms) = postSolution
		{40B6B391-2DF1-4D8D-81E1-CB6C52B772D6}.Ad-Hoc|Any CPU.ActiveCfg = Release|Any CPU
		{40B6B391-2DF1-4D8D-81E1-CB6C52B772D6}.Ad-Hoc|Any CPU.Build.0 = Release|Any CPU
		{40B6B391-2DF1-4D8D-81E1-CB6C52B772D6}.Ad-Hoc|ARM.ActiveCfg = Release|Any CPU
		{40B6B391-2DF1-4D8D-81E1-CB6C52B772D6}.Ad-Hoc|ARM.Build.0 = Release|Any CPU
		{40B6B391-2DF1-4D8D-81E1-CB6C52B772D6}.Ad-Hoc|iPhone.ActiveCfg = Release|Any CPU
		{40B6B391-2DF1-4D8D-81E1-CB6C52B772D6}.Ad-Hoc|iPhone.Build.0 = Release|Any CPU
		{40B6B391-2DF1-4D8D-81E1-CB6C52B772D6}.Ad-Hoc|iPhoneSimulator.ActiveCfg = Release|Any CPU
		{40B6B391-2DF1-4D8D-81E1-CB6C52B772D6}.Ad-Hoc|iPhoneSimulator.Build.0 = Release|Any CPU
		{40B6B391-2DF1-4D8D-81E1-CB6C52B772D6}.Ad-Hoc|x64.ActiveCfg = Release|Any CPU
		{40B6B391-2DF1-4D8D-81E1-CB6C52B772D6}.Ad-Hoc|x64.Build.0 = Release|Any CPU
		{40B6B391-2DF1-4D8D-81E1-CB6C52B772D6}.Ad-Hoc|x86.ActiveCfg = Release|Any CPU
		{40B6B391-2DF1-4D8D-81E1-CB6C52B772D6}.Ad-Hoc|x86.Build.0 = Release|Any CPU
		{40B6B391-2DF1-4D8D-81E1-CB6C52B772D6}.AppStore|Any CPU.ActiveCfg = Release|Any CPU
		{40B6B391-2DF1-4D8D-81E1-CB6C52B772D6}.AppStore|Any CPU.Build.0 = Release|Any CPU
		{40B6B391-2DF1-4D8D-81E1-CB6C52B772D6}.AppStore|ARM.ActiveCfg = Release|Any CPU
		{40B6B391-2DF1-4D8D-81E1-CB6C52B772D6}.AppStore|ARM.Build.0 = Release|Any CPU
		{40B6B391-2DF1-4D8D-81E1-CB6C52B772D6}.AppStore|iPhone.ActiveCfg = Release|Any CPU
		{40B6B391-2DF1-4D8D-81E1-CB6C52B772D6}.AppStore|iPhone.Build.0 = Release|Any CPU
		{40B6B391-2DF1-4D8D-81E1-CB6C52B772D6}.AppStore|iPhoneSimulator.ActiveCfg = Release|Any CPU
		{40B6B391-2DF1-4D8D-81E1-CB6C52B772D6}.AppStore|iPhoneSimulator.Build.0 = Release|Any CPU
		{40B6B391-2DF1-4D8D-81E1-CB6C52B772D6}.AppStore|x64.ActiveCfg = Release|Any CPU
		{40B6B391-2DF1-4D8D-81E1-CB6C52B772D6}.AppStore|x64.Build.0 = Release|Any CPU
		{40B6B391-2DF1-4D8D-81E1-CB6C52B772D6}.AppStore|x86.ActiveCfg = Release|Any CPU
		{40B6B391-2DF1-4D8D-81E1-CB6C52B772D6}.AppStore|x86.Build.0 = Release|Any CPU
		{40B6B391-2DF1-4D8D-81E1-CB6C52B772D6}.Debug|Any CPU.ActiveCfg = Debug|Any CPU
		{40B6B391-2DF1-4D8D-81E1-CB6C52B772D6}.Debug|Any CPU.Build.0 = Debug|Any CPU
		{40B6B391-2DF1-4D8D-81E1-CB6C52B772D6}.Debug|ARM.ActiveCfg = Debug|Any CPU
		{40B6B391-2DF1-4D8D-81E1-CB6C52B772D6}.Debug|ARM.Build.0 = Debug|Any CPU
		{40B6B391-2DF1-4D8D-81E1-CB6C52B772D6}.Debug|iPhone.ActiveCfg = Debug|Any CPU
		{40B6B391-2DF1-4D8D-81E1-CB6C52B772D6}.Debug|iPhone.Build.0 = Debug|Any CPU
		{40B6B391-2DF1-4D8D-81E1-CB6C52B772D6}.Debug|iPhoneSimulator.ActiveCfg = Debug|Any CPU
		{40B6B391-2DF1-4D8D-81E1-CB6C52B772D6}.Debug|iPhoneSimulator.Build.0 = Debug|Any CPU
		{40B6B391-2DF1-4D8D-81E1-CB6C52B772D6}.Debug|x64.ActiveCfg = Debug|Any CPU
		{40B6B391-2DF1-4D8D-81E1-CB6C52B772D6}.Debug|x64.Build.0 = Debug|Any CPU
		{40B6B391-2DF1-4D8D-81E1-CB6C52B772D6}.Debug|x86.ActiveCfg = Debug|Any CPU
		{40B6B391-2DF1-4D8D-81E1-CB6C52B772D6}.Debug|x86.Build.0 = Debug|Any CPU
		{40B6B391-2DF1-4D8D-81E1-CB6C52B772D6}.Release|Any CPU.ActiveCfg = Release|Any CPU
		{40B6B391-2DF1-4D8D-81E1-CB6C52B772D6}.Release|Any CPU.Build.0 = Release|Any CPU
		{40B6B391-2DF1-4D8D-81E1-CB6C52B772D6}.Release|ARM.ActiveCfg = Release|Any CPU
		{40B6B391-2DF1-4D8D-81E1-CB6C52B772D6}.Release|ARM.Build.0 = Release|Any CPU
		{40B6B391-2DF1-4D8D-81E1-CB6C52B772D6}.Release|iPhone.ActiveCfg = Release|Any CPU
		{40B6B391-2DF1-4D8D-81E1-CB6C52B772D6}.Release|iPhone.Build.0 = Release|Any CPU
		{40B6B391-2DF1-4D8D-81E1-CB6C52B772D6}.Release|iPhoneSimulator.ActiveCfg = Release|Any CPU
		{40B6B391-2DF1-4D8D-81E1-CB6C52B772D6}.Release|iPhoneSimulator.Build.0 = Release|Any CPU
		{40B6B391-2DF1-4D8D-81E1-CB6C52B772D6}.Release|x64.ActiveCfg = Release|Any CPU
		{40B6B391-2DF1-4D8D-81E1-CB6C52B772D6}.Release|x64.Build.0 = Release|Any CPU
		{40B6B391-2DF1-4D8D-81E1-CB6C52B772D6}.Release|x86.ActiveCfg = Release|Any CPU
		{40B6B391-2DF1-4D8D-81E1-CB6C52B772D6}.Release|x86.Build.0 = Release|Any CPU
		{E59CFDA8-F769-4826-8538-F8ABD29BEBC2}.Ad-Hoc|Any CPU.ActiveCfg = Release|Any CPU
		{E59CFDA8-F769-4826-8538-F8ABD29BEBC2}.Ad-Hoc|Any CPU.Build.0 = Release|Any CPU
		{E59CFDA8-F769-4826-8538-F8ABD29BEBC2}.Ad-Hoc|Any CPU.Deploy.0 = Release|Any CPU
		{E59CFDA8-F769-4826-8538-F8ABD29BEBC2}.Ad-Hoc|ARM.ActiveCfg = Release|Any CPU
		{E59CFDA8-F769-4826-8538-F8ABD29BEBC2}.Ad-Hoc|ARM.Build.0 = Release|Any CPU
		{E59CFDA8-F769-4826-8538-F8ABD29BEBC2}.Ad-Hoc|ARM.Deploy.0 = Release|Any CPU
		{E59CFDA8-F769-4826-8538-F8ABD29BEBC2}.Ad-Hoc|iPhone.ActiveCfg = Release|Any CPU
		{E59CFDA8-F769-4826-8538-F8ABD29BEBC2}.Ad-Hoc|iPhone.Build.0 = Release|Any CPU
		{E59CFDA8-F769-4826-8538-F8ABD29BEBC2}.Ad-Hoc|iPhone.Deploy.0 = Release|Any CPU
		{E59CFDA8-F769-4826-8538-F8ABD29BEBC2}.Ad-Hoc|iPhoneSimulator.ActiveCfg = Release|Any CPU
		{E59CFDA8-F769-4826-8538-F8ABD29BEBC2}.Ad-Hoc|iPhoneSimulator.Build.0 = Release|Any CPU
		{E59CFDA8-F769-4826-8538-F8ABD29BEBC2}.Ad-Hoc|iPhoneSimulator.Deploy.0 = Release|Any CPU
		{E59CFDA8-F769-4826-8538-F8ABD29BEBC2}.Ad-Hoc|x64.ActiveCfg = Release|Any CPU
		{E59CFDA8-F769-4826-8538-F8ABD29BEBC2}.Ad-Hoc|x64.Build.0 = Release|Any CPU
		{E59CFDA8-F769-4826-8538-F8ABD29BEBC2}.Ad-Hoc|x64.Deploy.0 = Release|Any CPU
		{E59CFDA8-F769-4826-8538-F8ABD29BEBC2}.Ad-Hoc|x86.ActiveCfg = Release|Any CPU
		{E59CFDA8-F769-4826-8538-F8ABD29BEBC2}.Ad-Hoc|x86.Build.0 = Release|Any CPU
		{E59CFDA8-F769-4826-8538-F8ABD29BEBC2}.Ad-Hoc|x86.Deploy.0 = Release|Any CPU
		{E59CFDA8-F769-4826-8538-F8ABD29BEBC2}.AppStore|Any CPU.ActiveCfg = Release|Any CPU
		{E59CFDA8-F769-4826-8538-F8ABD29BEBC2}.AppStore|Any CPU.Build.0 = Release|Any CPU
		{E59CFDA8-F769-4826-8538-F8ABD29BEBC2}.AppStore|Any CPU.Deploy.0 = Release|Any CPU
		{E59CFDA8-F769-4826-8538-F8ABD29BEBC2}.AppStore|ARM.ActiveCfg = Release|Any CPU
		{E59CFDA8-F769-4826-8538-F8ABD29BEBC2}.AppStore|ARM.Build.0 = Release|Any CPU
		{E59CFDA8-F769-4826-8538-F8ABD29BEBC2}.AppStore|ARM.Deploy.0 = Release|Any CPU
		{E59CFDA8-F769-4826-8538-F8ABD29BEBC2}.AppStore|iPhone.ActiveCfg = Release|Any CPU
		{E59CFDA8-F769-4826-8538-F8ABD29BEBC2}.AppStore|iPhone.Build.0 = Release|Any CPU
		{E59CFDA8-F769-4826-8538-F8ABD29BEBC2}.AppStore|iPhone.Deploy.0 = Release|Any CPU
		{E59CFDA8-F769-4826-8538-F8ABD29BEBC2}.AppStore|iPhoneSimulator.ActiveCfg = Release|Any CPU
		{E59CFDA8-F769-4826-8538-F8ABD29BEBC2}.AppStore|iPhoneSimulator.Build.0 = Release|Any CPU
		{E59CFDA8-F769-4826-8538-F8ABD29BEBC2}.AppStore|iPhoneSimulator.Deploy.0 = Release|Any CPU
		{E59CFDA8-F769-4826-8538-F8ABD29BEBC2}.AppStore|x64.ActiveCfg = Release|Any CPU
		{E59CFDA8-F769-4826-8538-F8ABD29BEBC2}.AppStore|x64.Build.0 = Release|Any CPU
		{E59CFDA8-F769-4826-8538-F8ABD29BEBC2}.AppStore|x64.Deploy.0 = Release|Any CPU
		{E59CFDA8-F769-4826-8538-F8ABD29BEBC2}.AppStore|x86.ActiveCfg = Release|Any CPU
		{E59CFDA8-F769-4826-8538-F8ABD29BEBC2}.AppStore|x86.Build.0 = Release|Any CPU
		{E59CFDA8-F769-4826-8538-F8ABD29BEBC2}.AppStore|x86.Deploy.0 = Release|Any CPU
		{E59CFDA8-F769-4826-8538-F8ABD29BEBC2}.Debug|Any CPU.ActiveCfg = Debug|Any CPU
		{E59CFDA8-F769-4826-8538-F8ABD29BEBC2}.Debug|Any CPU.Build.0 = Debug|Any CPU
		{E59CFDA8-F769-4826-8538-F8ABD29BEBC2}.Debug|Any CPU.Deploy.0 = Debug|Any CPU
		{E59CFDA8-F769-4826-8538-F8ABD29BEBC2}.Debug|ARM.ActiveCfg = Debug|Any CPU
		{E59CFDA8-F769-4826-8538-F8ABD29BEBC2}.Debug|ARM.Build.0 = Debug|Any CPU
		{E59CFDA8-F769-4826-8538-F8ABD29BEBC2}.Debug|ARM.Deploy.0 = Debug|Any CPU
		{E59CFDA8-F769-4826-8538-F8ABD29BEBC2}.Debug|iPhone.ActiveCfg = Debug|Any CPU
		{E59CFDA8-F769-4826-8538-F8ABD29BEBC2}.Debug|iPhone.Build.0 = Debug|Any CPU
		{E59CFDA8-F769-4826-8538-F8ABD29BEBC2}.Debug|iPhone.Deploy.0 = Debug|Any CPU
		{E59CFDA8-F769-4826-8538-F8ABD29BEBC2}.Debug|iPhoneSimulator.ActiveCfg = Debug|Any CPU
		{E59CFDA8-F769-4826-8538-F8ABD29BEBC2}.Debug|iPhoneSimulator.Build.0 = Debug|Any CPU
		{E59CFDA8-F769-4826-8538-F8ABD29BEBC2}.Debug|iPhoneSimulator.Deploy.0 = Debug|Any CPU
		{E59CFDA8-F769-4826-8538-F8ABD29BEBC2}.Debug|x64.ActiveCfg = Debug|Any CPU
		{E59CFDA8-F769-4826-8538-F8ABD29BEBC2}.Debug|x64.Build.0 = Debug|Any CPU
		{E59CFDA8-F769-4826-8538-F8ABD29BEBC2}.Debug|x64.Deploy.0 = Debug|Any CPU
		{E59CFDA8-F769-4826-8538-F8ABD29BEBC2}.Debug|x86.ActiveCfg = Debug|Any CPU
		{E59CFDA8-F769-4826-8538-F8ABD29BEBC2}.Debug|x86.Build.0 = Debug|Any CPU
		{E59CFDA8-F769-4826-8538-F8ABD29BEBC2}.Debug|x86.Deploy.0 = Debug|Any CPU
		{E59CFDA8-F769-4826-8538-F8ABD29BEBC2}.Release|Any CPU.ActiveCfg = Release|Any CPU
		{E59CFDA8-F769-4826-8538-F8ABD29BEBC2}.Release|Any CPU.Build.0 = Release|Any CPU
		{E59CFDA8-F769-4826-8538-F8ABD29BEBC2}.Release|Any CPU.Deploy.0 = Release|Any CPU
		{E59CFDA8-F769-4826-8538-F8ABD29BEBC2}.Release|ARM.ActiveCfg = Release|Any CPU
		{E59CFDA8-F769-4826-8538-F8ABD29BEBC2}.Release|ARM.Build.0 = Release|Any CPU
		{E59CFDA8-F769-4826-8538-F8ABD29BEBC2}.Release|ARM.Deploy.0 = Release|Any CPU
		{E59CFDA8-F769-4826-8538-F8ABD29BEBC2}.Release|iPhone.ActiveCfg = Release|Any CPU
		{E59CFDA8-F769-4826-8538-F8ABD29BEBC2}.Release|iPhone.Build.0 = Release|Any CPU
		{E59CFDA8-F769-4826-8538-F8ABD29BEBC2}.Release|iPhone.Deploy.0 = Release|Any CPU
		{E59CFDA8-F769-4826-8538-F8ABD29BEBC2}.Release|iPhoneSimulator.ActiveCfg = Release|Any CPU
		{E59CFDA8-F769-4826-8538-F8ABD29BEBC2}.Release|iPhoneSimulator.Build.0 = Release|Any CPU
		{E59CFDA8-F769-4826-8538-F8ABD29BEBC2}.Release|iPhoneSimulator.Deploy.0 = Release|Any CPU
		{E59CFDA8-F769-4826-8538-F8ABD29BEBC2}.Release|x64.ActiveCfg = Release|Any CPU
		{E59CFDA8-F769-4826-8538-F8ABD29BEBC2}.Release|x64.Build.0 = Release|Any CPU
		{E59CFDA8-F769-4826-8538-F8ABD29BEBC2}.Release|x64.Deploy.0 = Release|Any CPU
		{E59CFDA8-F769-4826-8538-F8ABD29BEBC2}.Release|x86.ActiveCfg = Release|Any CPU
		{E59CFDA8-F769-4826-8538-F8ABD29BEBC2}.Release|x86.Build.0 = Release|Any CPU
		{E59CFDA8-F769-4826-8538-F8ABD29BEBC2}.Release|x86.Deploy.0 = Release|Any CPU
		{8580CF2D-3C6A-4E13-B975-EBD4D08CA099}.Ad-Hoc|Any CPU.ActiveCfg = Ad-Hoc|iPhone
		{8580CF2D-3C6A-4E13-B975-EBD4D08CA099}.Ad-Hoc|ARM.ActiveCfg = Ad-Hoc|iPhone
		{8580CF2D-3C6A-4E13-B975-EBD4D08CA099}.Ad-Hoc|iPhone.ActiveCfg = Ad-Hoc|iPhone
		{8580CF2D-3C6A-4E13-B975-EBD4D08CA099}.Ad-Hoc|iPhone.Build.0 = Ad-Hoc|iPhone
		{8580CF2D-3C6A-4E13-B975-EBD4D08CA099}.Ad-Hoc|iPhoneSimulator.ActiveCfg = Ad-Hoc|iPhoneSimulator
		{8580CF2D-3C6A-4E13-B975-EBD4D08CA099}.Ad-Hoc|iPhoneSimulator.Build.0 = Ad-Hoc|iPhoneSimulator
		{8580CF2D-3C6A-4E13-B975-EBD4D08CA099}.Ad-Hoc|x64.ActiveCfg = Ad-Hoc|iPhone
		{8580CF2D-3C6A-4E13-B975-EBD4D08CA099}.Ad-Hoc|x86.ActiveCfg = Ad-Hoc|iPhone
		{8580CF2D-3C6A-4E13-B975-EBD4D08CA099}.AppStore|Any CPU.ActiveCfg = AppStore|iPhone
		{8580CF2D-3C6A-4E13-B975-EBD4D08CA099}.AppStore|ARM.ActiveCfg = AppStore|iPhone
		{8580CF2D-3C6A-4E13-B975-EBD4D08CA099}.AppStore|iPhone.ActiveCfg = AppStore|iPhone
		{8580CF2D-3C6A-4E13-B975-EBD4D08CA099}.AppStore|iPhone.Build.0 = AppStore|iPhone
		{8580CF2D-3C6A-4E13-B975-EBD4D08CA099}.AppStore|iPhoneSimulator.ActiveCfg = AppStore|iPhoneSimulator
		{8580CF2D-3C6A-4E13-B975-EBD4D08CA099}.AppStore|iPhoneSimulator.Build.0 = AppStore|iPhoneSimulator
		{8580CF2D-3C6A-4E13-B975-EBD4D08CA099}.AppStore|x64.ActiveCfg = AppStore|iPhone
		{8580CF2D-3C6A-4E13-B975-EBD4D08CA099}.AppStore|x86.ActiveCfg = AppStore|iPhone
		{8580CF2D-3C6A-4E13-B975-EBD4D08CA099}.Debug|Any CPU.ActiveCfg = Debug|iPhone
		{8580CF2D-3C6A-4E13-B975-EBD4D08CA099}.Debug|ARM.ActiveCfg = Debug|iPhone
		{8580CF2D-3C6A-4E13-B975-EBD4D08CA099}.Debug|iPhone.ActiveCfg = Debug|iPhone
		{8580CF2D-3C6A-4E13-B975-EBD4D08CA099}.Debug|iPhone.Build.0 = Debug|iPhone
		{8580CF2D-3C6A-4E13-B975-EBD4D08CA099}.Debug|iPhoneSimulator.ActiveCfg = Debug|iPhoneSimulator
		{8580CF2D-3C6A-4E13-B975-EBD4D08CA099}.Debug|iPhoneSimulator.Build.0 = Debug|iPhoneSimulator
		{8580CF2D-3C6A-4E13-B975-EBD4D08CA099}.Debug|x64.ActiveCfg = Debug|iPhone
		{8580CF2D-3C6A-4E13-B975-EBD4D08CA099}.Debug|x86.ActiveCfg = Debug|iPhone
		{8580CF2D-3C6A-4E13-B975-EBD4D08CA099}.Release|Any CPU.ActiveCfg = Release|iPhone
		{8580CF2D-3C6A-4E13-B975-EBD4D08CA099}.Release|ARM.ActiveCfg = Release|iPhone
		{8580CF2D-3C6A-4E13-B975-EBD4D08CA099}.Release|iPhone.ActiveCfg = Release|iPhone
		{8580CF2D-3C6A-4E13-B975-EBD4D08CA099}.Release|iPhone.Build.0 = Release|iPhone
		{8580CF2D-3C6A-4E13-B975-EBD4D08CA099}.Release|iPhoneSimulator.ActiveCfg = Release|iPhoneSimulator
		{8580CF2D-3C6A-4E13-B975-EBD4D08CA099}.Release|iPhoneSimulator.Build.0 = Release|iPhoneSimulator
		{8580CF2D-3C6A-4E13-B975-EBD4D08CA099}.Release|x64.ActiveCfg = Release|iPhone
		{8580CF2D-3C6A-4E13-B975-EBD4D08CA099}.Release|x86.ActiveCfg = Release|iPhone
	EndGlobalSection
	GlobalSection(SolutionProperties) = preSolution
		HideSolutionNode = FALSE
	EndGlobalSection
EndGlobal
